// !$*UTF8*$!
{
	archiveVersion = 1;
	classes = {
	};
	objectVersion = 46;
	objects = {

/* Begin PBXBuildFile section */
		CF21400A1C834E77001CE8B6 /* AppDelegate.swift in Sources */ = {isa = PBXBuildFile; fileRef = CF2140091C834E77001CE8B6 /* AppDelegate.swift */; };
		CF21400C1C834E77001CE8B6 /* ViewController.swift in Sources */ = {isa = PBXBuildFile; fileRef = CF21400B1C834E77001CE8B6 /* ViewController.swift */; };
		CF21400F1C834E77001CE8B6 /* Main.storyboard in Resources */ = {isa = PBXBuildFile; fileRef = CF21400D1C834E77001CE8B6 /* Main.storyboard */; };
		CF2140111C834E77001CE8B6 /* Assets.xcassets in Resources */ = {isa = PBXBuildFile; fileRef = CF2140101C834E77001CE8B6 /* Assets.xcassets */; };
		CF2140141C834E77001CE8B6 /* LaunchScreen.storyboard in Resources */ = {isa = PBXBuildFile; fileRef = CF2140121C834E77001CE8B6 /* LaunchScreen.storyboard */; };
		CF21401F1C834E78001CE8B6 /* Codepath_Week4_AssignmentTests.swift in Sources */ = {isa = PBXBuildFile; fileRef = CF21401E1C834E78001CE8B6 /* Codepath_Week4_AssignmentTests.swift */; };
		CF21402A1C834E78001CE8B6 /* Codepath_Week4_AssignmentUITests.swift in Sources */ = {isa = PBXBuildFile; fileRef = CF2140291C834E78001CE8B6 /* Codepath_Week4_AssignmentUITests.swift */; };
		CF2140381C839D32001CE8B6 /* HomeViewController.swift in Sources */ = {isa = PBXBuildFile; fileRef = CF2140371C839D32001CE8B6 /* HomeViewController.swift */; };
		CF21403A1C839DE9001CE8B6 /* SearchViewController.swift in Sources */ = {isa = PBXBuildFile; fileRef = CF2140391C839DE9001CE8B6 /* SearchViewController.swift */; };
		CF21403D1C839FB4001CE8B6 /* ComposeViewController.swift in Sources */ = {isa = PBXBuildFile; fileRef = CF21403C1C839FB4001CE8B6 /* ComposeViewController.swift */; };
		CF21403F1C83A121001CE8B6 /* AccountViewController.swift in Sources */ = {isa = PBXBuildFile; fileRef = CF21403E1C83A121001CE8B6 /* AccountViewController.swift */; };
		CF2140411C83A1B1001CE8B6 /* TrendingViewController.swift in Sources */ = {isa = PBXBuildFile; fileRef = CF2140401C83A1B1001CE8B6 /* TrendingViewController.swift */; };
		CF9FB29E1C83D14900AC495E /* BaseTransition.swift in Sources */ = {isa = PBXBuildFile; fileRef = CF9FB29C1C83D14900AC495E /* BaseTransition.swift */; };
		CF9FB29F1C83D14900AC495E /* FadeTransition.swift in Sources */ = {isa = PBXBuildFile; fileRef = CF9FB29D1C83D14900AC495E /* FadeTransition.swift */; };
		CF9FB2A11C83D3AD00AC495E /* Common.swift in Sources */ = {isa = PBXBuildFile; fileRef = CF9FB2A01C83D3AD00AC495E /* Common.swift */; };
		CFEE8E151C840D97007327D8 /* LoginViewController.swift in Sources */ = {isa = PBXBuildFile; fileRef = CFEE8E141C840D97007327D8 /* LoginViewController.swift */; };
/* End PBXBuildFile section */

/* Begin PBXContainerItemProxy section */
		CF21401B1C834E78001CE8B6 /* PBXContainerItemProxy */ = {
			isa = PBXContainerItemProxy;
			containerPortal = CF213FFE1C834E77001CE8B6 /* Project object */;
			proxyType = 1;
			remoteGlobalIDString = CF2140051C834E77001CE8B6;
			remoteInfo = "Codepath-Week4-Assignment";
		};
		CF2140261C834E78001CE8B6 /* PBXContainerItemProxy */ = {
			isa = PBXContainerItemProxy;
			containerPortal = CF213FFE1C834E77001CE8B6 /* Project object */;
			proxyType = 1;
			remoteGlobalIDString = CF2140051C834E77001CE8B6;
			remoteInfo = "Codepath-Week4-Assignment";
		};
/* End PBXContainerItemProxy section */

/* Begin PBXFileReference section */
		CF2140061C834E77001CE8B6 /* Codepath-Week4-Assignment.app */ = {isa = PBXFileReference; explicitFileType = wrapper.application; includeInIndex = 0; path = "Codepath-Week4-Assignment.app"; sourceTree = BUILT_PRODUCTS_DIR; };
		CF2140091C834E77001CE8B6 /* AppDelegate.swift */ = {isa = PBXFileReference; lastKnownFileType = sourcecode.swift; path = AppDelegate.swift; sourceTree = "<group>"; };
		CF21400B1C834E77001CE8B6 /* ViewController.swift */ = {isa = PBXFileReference; lastKnownFileType = sourcecode.swift; path = ViewController.swift; sourceTree = "<group>"; };
		CF21400E1C834E77001CE8B6 /* Base */ = {isa = PBXFileReference; lastKnownFileType = file.storyboard; name = Base; path = Base.lproj/Main.storyboard; sourceTree = "<group>"; };
		CF2140101C834E77001CE8B6 /* Assets.xcassets */ = {isa = PBXFileReference; lastKnownFileType = folder.assetcatalog; path = Assets.xcassets; sourceTree = "<group>"; };
		CF2140131C834E77001CE8B6 /* Base */ = {isa = PBXFileReference; lastKnownFileType = file.storyboard; name = Base; path = Base.lproj/LaunchScreen.storyboard; sourceTree = "<group>"; };
		CF2140151C834E77001CE8B6 /* Info.plist */ = {isa = PBXFileReference; lastKnownFileType = text.plist.xml; path = Info.plist; sourceTree = "<group>"; };
		CF21401A1C834E78001CE8B6 /* Codepath-Week4-AssignmentTests.xctest */ = {isa = PBXFileReference; explicitFileType = wrapper.cfbundle; includeInIndex = 0; path = "Codepath-Week4-AssignmentTests.xctest"; sourceTree = BUILT_PRODUCTS_DIR; };
		CF21401E1C834E78001CE8B6 /* Codepath_Week4_AssignmentTests.swift */ = {isa = PBXFileReference; lastKnownFileType = sourcecode.swift; path = Codepath_Week4_AssignmentTests.swift; sourceTree = "<group>"; };
		CF2140201C834E78001CE8B6 /* Info.plist */ = {isa = PBXFileReference; lastKnownFileType = text.plist.xml; path = Info.plist; sourceTree = "<group>"; };
		CF2140251C834E78001CE8B6 /* Codepath-Week4-AssignmentUITests.xctest */ = {isa = PBXFileReference; explicitFileType = wrapper.cfbundle; includeInIndex = 0; path = "Codepath-Week4-AssignmentUITests.xctest"; sourceTree = BUILT_PRODUCTS_DIR; };
		CF2140291C834E78001CE8B6 /* Codepath_Week4_AssignmentUITests.swift */ = {isa = PBXFileReference; lastKnownFileType = sourcecode.swift; path = Codepath_Week4_AssignmentUITests.swift; sourceTree = "<group>"; };
		CF21402B1C834E78001CE8B6 /* Info.plist */ = {isa = PBXFileReference; lastKnownFileType = text.plist.xml; path = Info.plist; sourceTree = "<group>"; };
		CF2140371C839D32001CE8B6 /* HomeViewController.swift */ = {isa = PBXFileReference; fileEncoding = 4; lastKnownFileType = sourcecode.swift; path = HomeViewController.swift; sourceTree = "<group>"; };
		CF2140391C839DE9001CE8B6 /* SearchViewController.swift */ = {isa = PBXFileReference; fileEncoding = 4; lastKnownFileType = sourcecode.swift; path = SearchViewController.swift; sourceTree = "<group>"; };
		CF21403C1C839FB4001CE8B6 /* ComposeViewController.swift */ = {isa = PBXFileReference; fileEncoding = 4; lastKnownFileType = sourcecode.swift; path = ComposeViewController.swift; sourceTree = "<group>"; };
		CF21403E1C83A121001CE8B6 /* AccountViewController.swift */ = {isa = PBXFileReference; fileEncoding = 4; lastKnownFileType = sourcecode.swift; path = AccountViewController.swift; sourceTree = "<group>"; };
		CF2140401C83A1B1001CE8B6 /* TrendingViewController.swift */ = {isa = PBXFileReference; fileEncoding = 4; lastKnownFileType = sourcecode.swift; path = TrendingViewController.swift; sourceTree = "<group>"; };
		CF9FB29C1C83D14900AC495E /* BaseTransition.swift */ = {isa = PBXFileReference; fileEncoding = 4; lastKnownFileType = sourcecode.swift; path = BaseTransition.swift; sourceTree = "<group>"; };
		CF9FB29D1C83D14900AC495E /* FadeTransition.swift */ = {isa = PBXFileReference; fileEncoding = 4; lastKnownFileType = sourcecode.swift; path = FadeTransition.swift; sourceTree = "<group>"; };
		CF9FB2A01C83D3AD00AC495E /* Common.swift */ = {isa = PBXFileReference; fileEncoding = 4; lastKnownFileType = sourcecode.swift; path = Common.swift; sourceTree = "<group>"; };
		CFEE8E141C840D97007327D8 /* LoginViewController.swift */ = {isa = PBXFileReference; fileEncoding = 4; lastKnownFileType = sourcecode.swift; path = LoginViewController.swift; sourceTree = "<group>"; };
/* End PBXFileReference section */

/* Begin PBXFrameworksBuildPhase section */
		CF2140031C834E77001CE8B6 /* Frameworks */ = {
			isa = PBXFrameworksBuildPhase;
			buildActionMask = 2147483647;
			files = (
			);
			runOnlyForDeploymentPostprocessing = 0;
		};
		CF2140171C834E78001CE8B6 /* Frameworks */ = {
			isa = PBXFrameworksBuildPhase;
			buildActionMask = 2147483647;
			files = (
			);
			runOnlyForDeploymentPostprocessing = 0;
		};
		CF2140221C834E78001CE8B6 /* Frameworks */ = {
			isa = PBXFrameworksBuildPhase;
			buildActionMask = 2147483647;
			files = (
			);
			runOnlyForDeploymentPostprocessing = 0;
		};
/* End PBXFrameworksBuildPhase section */

/* Begin PBXGroup section */
		CF213FFD1C834E77001CE8B6 = {
			isa = PBXGroup;
			children = (
				CF2140081C834E77001CE8B6 /* Codepath-Week4-Assignment */,
				CF21401D1C834E78001CE8B6 /* Codepath-Week4-AssignmentTests */,
				CF2140281C834E78001CE8B6 /* Codepath-Week4-AssignmentUITests */,
				CF2140071C834E77001CE8B6 /* Products */,
			);
			sourceTree = "<group>";
		};
		CF2140071C834E77001CE8B6 /* Products */ = {
			isa = PBXGroup;
			children = (
				CF2140061C834E77001CE8B6 /* Codepath-Week4-Assignment.app */,
				CF21401A1C834E78001CE8B6 /* Codepath-Week4-AssignmentTests.xctest */,
				CF2140251C834E78001CE8B6 /* Codepath-Week4-AssignmentUITests.xctest */,
			);
			name = Products;
			sourceTree = "<group>";
		};
		CF2140081C834E77001CE8B6 /* Codepath-Week4-Assignment */ = {
			isa = PBXGroup;
			children = (
				CF2140091C834E77001CE8B6 /* AppDelegate.swift */,
				CF9FB2A01C83D3AD00AC495E /* Common.swift */,
				CF9FB29C1C83D14900AC495E /* BaseTransition.swift */,
				CF9FB29D1C83D14900AC495E /* FadeTransition.swift */,
				CF21403B1C839F87001CE8B6 /* View Controllers */,
				CF21400D1C834E77001CE8B6 /* Main.storyboard */,
				CF2140101C834E77001CE8B6 /* Assets.xcassets */,
				CF2140121C834E77001CE8B6 /* LaunchScreen.storyboard */,
				CF2140151C834E77001CE8B6 /* Info.plist */,
			);
			path = "Codepath-Week4-Assignment";
			sourceTree = "<group>";
		};
		CF21401D1C834E78001CE8B6 /* Codepath-Week4-AssignmentTests */ = {
			isa = PBXGroup;
			children = (
				CF21401E1C834E78001CE8B6 /* Codepath_Week4_AssignmentTests.swift */,
				CF2140201C834E78001CE8B6 /* Info.plist */,
			);
			path = "Codepath-Week4-AssignmentTests";
			sourceTree = "<group>";
		};
		CF2140281C834E78001CE8B6 /* Codepath-Week4-AssignmentUITests */ = {
			isa = PBXGroup;
			children = (
				CF2140291C834E78001CE8B6 /* Codepath_Week4_AssignmentUITests.swift */,
				CF21402B1C834E78001CE8B6 /* Info.plist */,
			);
			path = "Codepath-Week4-AssignmentUITests";
			sourceTree = "<group>";
		};
		CF21403B1C839F87001CE8B6 /* View Controllers */ = {
			isa = PBXGroup;
			children = (
				CF2140401C83A1B1001CE8B6 /* TrendingViewController.swift */,
				CF21403E1C83A121001CE8B6 /* AccountViewController.swift */,
				CF21400B1C834E77001CE8B6 /* ViewController.swift */,
				CF2140391C839DE9001CE8B6 /* SearchViewController.swift */,
				CF2140371C839D32001CE8B6 /* HomeViewController.swift */,
				CF21403C1C839FB4001CE8B6 /* ComposeViewController.swift */,
				CFEE8E141C840D97007327D8 /* LoginViewController.swift */,
			);
			name = "View Controllers";
			sourceTree = "<group>";
		};
/* End PBXGroup section */

/* Begin PBXNativeTarget section */
		CF2140051C834E77001CE8B6 /* Codepath-Week4-Assignment */ = {
			isa = PBXNativeTarget;
			buildConfigurationList = CF21402E1C834E78001CE8B6 /* Build configuration list for PBXNativeTarget "Codepath-Week4-Assignment" */;
			buildPhases = (
				CF2140021C834E77001CE8B6 /* Sources */,
				CF2140031C834E77001CE8B6 /* Frameworks */,
				CF2140041C834E77001CE8B6 /* Resources */,
			);
			buildRules = (
			);
			dependencies = (
			);
			name = "Codepath-Week4-Assignment";
			productName = "Codepath-Week4-Assignment";
			productReference = CF2140061C834E77001CE8B6 /* Codepath-Week4-Assignment.app */;
			productType = "com.apple.product-type.application";
		};
		CF2140191C834E78001CE8B6 /* Codepath-Week4-AssignmentTests */ = {
			isa = PBXNativeTarget;
			buildConfigurationList = CF2140311C834E78001CE8B6 /* Build configuration list for PBXNativeTarget "Codepath-Week4-AssignmentTests" */;
			buildPhases = (
				CF2140161C834E78001CE8B6 /* Sources */,
				CF2140171C834E78001CE8B6 /* Frameworks */,
				CF2140181C834E78001CE8B6 /* Resources */,
			);
			buildRules = (
			);
			dependencies = (
				CF21401C1C834E78001CE8B6 /* PBXTargetDependency */,
			);
			name = "Codepath-Week4-AssignmentTests";
			productName = "Codepath-Week4-AssignmentTests";
			productReference = CF21401A1C834E78001CE8B6 /* Codepath-Week4-AssignmentTests.xctest */;
			productType = "com.apple.product-type.bundle.unit-test";
		};
		CF2140241C834E78001CE8B6 /* Codepath-Week4-AssignmentUITests */ = {
			isa = PBXNativeTarget;
			buildConfigurationList = CF2140341C834E78001CE8B6 /* Build configuration list for PBXNativeTarget "Codepath-Week4-AssignmentUITests" */;
			buildPhases = (
				CF2140211C834E78001CE8B6 /* Sources */,
				CF2140221C834E78001CE8B6 /* Frameworks */,
				CF2140231C834E78001CE8B6 /* Resources */,
			);
			buildRules = (
			);
			dependencies = (
				CF2140271C834E78001CE8B6 /* PBXTargetDependency */,
			);
			name = "Codepath-Week4-AssignmentUITests";
			productName = "Codepath-Week4-AssignmentUITests";
			productReference = CF2140251C834E78001CE8B6 /* Codepath-Week4-AssignmentUITests.xctest */;
			productType = "com.apple.product-type.bundle.ui-testing";
		};
/* End PBXNativeTarget section */

/* Begin PBXProject section */
		CF213FFE1C834E77001CE8B6 /* Project object */ = {
			isa = PBXProject;
			attributes = {
				LastSwiftUpdateCheck = 0720;
				LastUpgradeCheck = 0720;
				ORGANIZATIONNAME = "Jeremie Lim";
				TargetAttributes = {
					CF2140051C834E77001CE8B6 = {
						CreatedOnToolsVersion = 7.2.1;
					};
					CF2140191C834E78001CE8B6 = {
						CreatedOnToolsVersion = 7.2.1;
						TestTargetID = CF2140051C834E77001CE8B6;
					};
					CF2140241C834E78001CE8B6 = {
						CreatedOnToolsVersion = 7.2.1;
						TestTargetID = CF2140051C834E77001CE8B6;
					};
				};
			};
			buildConfigurationList = CF2140011C834E77001CE8B6 /* Build configuration list for PBXProject "Codepath-Week4-Assignment" */;
			compatibilityVersion = "Xcode 3.2";
			developmentRegion = English;
			hasScannedForEncodings = 0;
			knownRegions = (
				en,
				Base,
			);
			mainGroup = CF213FFD1C834E77001CE8B6;
			productRefGroup = CF2140071C834E77001CE8B6 /* Products */;
			projectDirPath = "";
			projectRoot = "";
			targets = (
				CF2140051C834E77001CE8B6 /* Codepath-Week4-Assignment */,
				CF2140191C834E78001CE8B6 /* Codepath-Week4-AssignmentTests */,
				CF2140241C834E78001CE8B6 /* Codepath-Week4-AssignmentUITests */,
			);
		};
/* End PBXProject section */

/* Begin PBXResourcesBuildPhase section */
		CF2140041C834E77001CE8B6 /* Resources */ = {
			isa = PBXResourcesBuildPhase;
			buildActionMask = 2147483647;
			files = (
				CF2140141C834E77001CE8B6 /* LaunchScreen.storyboard in Resources */,
				CF2140111C834E77001CE8B6 /* Assets.xcassets in Resources */,
				CF21400F1C834E77001CE8B6 /* Main.storyboard in Resources */,
			);
			runOnlyForDeploymentPostprocessing = 0;
		};
		CF2140181C834E78001CE8B6 /* Resources */ = {
			isa = PBXResourcesBuildPhase;
			buildActionMask = 2147483647;
			files = (
			);
			runOnlyForDeploymentPostprocessing = 0;
		};
		CF2140231C834E78001CE8B6 /* Resources */ = {
			isa = PBXResourcesBuildPhase;
			buildActionMask = 2147483647;
			files = (
			);
			runOnlyForDeploymentPostprocessing = 0;
		};
/* End PBXResourcesBuildPhase section */

/* Begin PBXSourcesBuildPhase section */
		CF2140021C834E77001CE8B6 /* Sources */ = {
			isa = PBXSourcesBuildPhase;
			buildActionMask = 2147483647;
			files = (
				CF2140411C83A1B1001CE8B6 /* TrendingViewController.swift in Sources */,
				CF9FB29F1C83D14900AC495E /* FadeTransition.swift in Sources */,
				CF21403D1C839FB4001CE8B6 /* ComposeViewController.swift in Sources */,
				CF21400C1C834E77001CE8B6 /* ViewController.swift in Sources */,
				CF21403F1C83A121001CE8B6 /* AccountViewController.swift in Sources */,
				CF21400A1C834E77001CE8B6 /* AppDelegate.swift in Sources */,
				CF9FB29E1C83D14900AC495E /* BaseTransition.swift in Sources */,
				CF21403A1C839DE9001CE8B6 /* SearchViewController.swift in Sources */,
				CF9FB2A11C83D3AD00AC495E /* Common.swift in Sources */,
				CF2140381C839D32001CE8B6 /* HomeViewController.swift in Sources */,
				CFEE8E151C840D97007327D8 /* LoginViewController.swift in Sources */,
			);
			runOnlyForDeploymentPostprocessing = 0;
		};
		CF2140161C834E78001CE8B6 /* Sources */ = {
			isa = PBXSourcesBuildPhase;
			buildActionMask = 2147483647;
			files = (
				CF21401F1C834E78001CE8B6 /* Codepath_Week4_AssignmentTests.swift in Sources */,
			);
			runOnlyForDeploymentPostprocessing = 0;
		};
		CF2140211C834E78001CE8B6 /* Sources */ = {
			isa = PBXSourcesBuildPhase;
			buildActionMask = 2147483647;
			files = (
				CF21402A1C834E78001CE8B6 /* Codepath_Week4_AssignmentUITests.swift in Sources */,
			);
			runOnlyForDeploymentPostprocessing = 0;
		};
/* End PBXSourcesBuildPhase section */

/* Begin PBXTargetDependency section */
		CF21401C1C834E78001CE8B6 /* PBXTargetDependency */ = {
			isa = PBXTargetDependency;
			target = CF2140051C834E77001CE8B6 /* Codepath-Week4-Assignment */;
			targetProxy = CF21401B1C834E78001CE8B6 /* PBXContainerItemProxy */;
		};
		CF2140271C834E78001CE8B6 /* PBXTargetDependency */ = {
			isa = PBXTargetDependency;
			target = CF2140051C834E77001CE8B6 /* Codepath-Week4-Assignment */;
			targetProxy = CF2140261C834E78001CE8B6 /* PBXContainerItemProxy */;
		};
/* End PBXTargetDependency section */

/* Begin PBXVariantGroup section */
		CF21400D1C834E77001CE8B6 /* Main.storyboard */ = {
			isa = PBXVariantGroup;
			children = (
				CF21400E1C834E77001CE8B6 /* Base */,
			);
			name = Main.storyboard;
			sourceTree = "<group>";
		};
		CF2140121C834E77001CE8B6 /* LaunchScreen.storyboard */ = {
			isa = PBXVariantGroup;
			children = (
				CF2140131C834E77001CE8B6 /* Base */,
			);
			name = LaunchScreen.storyboard;
			sourceTree = "<group>";
		};
/* End PBXVariantGroup section */

/* Begin XCBuildConfiguration section */
		CF21402C1C834E78001CE8B6 /* Debug */ = {
			isa = XCBuildConfiguration;
			buildSettings = {
				ALWAYS_SEARCH_USER_PATHS = NO;
				CLANG_CXX_LANGUAGE_STANDARD = "gnu++0x";
				CLANG_CXX_LIBRARY = "libc++";
				CLANG_ENABLE_MODULES = YES;
				CLANG_ENABLE_OBJC_ARC = YES;
				CLANG_WARN_BOOL_CONVERSION = YES;
				CLANG_WARN_CONSTANT_CONVERSION = YES;
				CLANG_WARN_DIRECT_OBJC_ISA_USAGE = YES_ERROR;
				CLANG_WARN_EMPTY_BODY = YES;
				CLANG_WARN_ENUM_CONVERSION = YES;
				CLANG_WARN_INT_CONVERSION = YES;
				CLANG_WARN_OBJC_ROOT_CLASS = YES_ERROR;
				CLANG_WARN_UNREACHABLE_CODE = YES;
				CLANG_WARN__DUPLICATE_METHOD_MATCH = YES;
				"CODE_SIGN_IDENTITY[sdk=iphoneos*]" = "iPhone Developer";
				COPY_PHASE_STRIP = NO;
				DEBUG_INFORMATION_FORMAT = dwarf;
				ENABLE_STRICT_OBJC_MSGSEND = YES;
				ENABLE_TESTABILITY = YES;
				GCC_C_LANGUAGE_STANDARD = gnu99;
				GCC_DYNAMIC_NO_PIC = NO;
				GCC_NO_COMMON_BLOCKS = YES;
				GCC_OPTIMIZATION_LEVEL = 0;
				GCC_PREPROCESSOR_DEFINITIONS = (
					"DEBUG=1",
					"$(inherited)",
				);
				GCC_WARN_64_TO_32_BIT_CONVERSION = YES;
				GCC_WARN_ABOUT_RETURN_TYPE = YES_ERROR;
				GCC_WARN_UNDECLARED_SELECTOR = YES;
				GCC_WARN_UNINITIALIZED_AUTOS = YES_AGGRESSIVE;
				GCC_WARN_UNUSED_FUNCTION = YES;
				GCC_WARN_UNUSED_VARIABLE = YES;
				IPHONEOS_DEPLOYMENT_TARGET = 9.2;
				MTL_ENABLE_DEBUG_INFO = YES;
				ONLY_ACTIVE_ARCH = YES;
				SDKROOT = iphoneos;
				SWIFT_OPTIMIZATION_LEVEL = "-Onone";
			};
			name = Debug;
		};
		CF21402D1C834E78001CE8B6 /* Release */ = {
			isa = XCBuildConfiguration;
			buildSettings = {
				ALWAYS_SEARCH_USER_PATHS = NO;
				CLANG_CXX_LANGUAGE_STANDARD = "gnu++0x";
				CLANG_CXX_LIBRARY = "libc++";
				CLANG_ENABLE_MODULES = YES;
				CLANG_ENABLE_OBJC_ARC = YES;
				CLANG_WARN_BOOL_CONVERSION = YES;
				CLANG_WARN_CONSTANT_CONVERSION = YES;
				CLANG_WARN_DIRECT_OBJC_ISA_USAGE = YES_ERROR;
				CLANG_WARN_EMPTY_BODY = YES;
				CLANG_WARN_ENUM_CONVERSION = YES;
				CLANG_WARN_INT_CONVERSION = YES;
				CLANG_WARN_OBJC_ROOT_CLASS = YES_ERROR;
				CLANG_WARN_UNREACHABLE_CODE = YES;
				CLANG_WARN__DUPLICATE_METHOD_MATCH = YES;
				"CODE_SIGN_IDENTITY[sdk=iphoneos*]" = "iPhone Developer";
				COPY_PHASE_STRIP = NO;
				DEBUG_INFORMATION_FORMAT = "dwarf-with-dsym";
				ENABLE_NS_ASSERTIONS = NO;
				ENABLE_STRICT_OBJC_MSGSEND = YES;
				GCC_C_LANGUAGE_STANDARD = gnu99;
				GCC_NO_COMMON_BLOCKS = YES;
				GCC_WARN_64_TO_32_BIT_CONVERSION = YES;
				GCC_WARN_ABOUT_RETURN_TYPE = YES_ERROR;
				GCC_WARN_UNDECLARED_SELECTOR = YES;
				GCC_WARN_UNINITIALIZED_AUTOS = YES_AGGRESSIVE;
				GCC_WARN_UNUSED_FUNCTION = YES;
				GCC_WARN_UNUSED_VARIABLE = YES;
				IPHONEOS_DEPLOYMENT_TARGET = 9.2;
				MTL_ENABLE_DEBUG_INFO = NO;
				SDKROOT = iphoneos;
				VALIDATE_PRODUCT = YES;
			};
			name = Release;
		};
		CF21402F1C834E78001CE8B6 /* Debug */ = {
			isa = XCBuildConfiguration;
			buildSettings = {
				ASSETCATALOG_COMPILER_APPICON_NAME = AppIcon;
				INFOPLIST_FILE = "Codepath-Week4-Assignment/Info.plist";
				LD_RUNPATH_SEARCH_PATHS = "$(inherited) @executable_path/Frameworks";
				PRODUCT_BUNDLE_IDENTIFIER = "jeremielim.Codepath-Week4-Assignment";
				PRODUCT_NAME = "$(TARGET_NAME)";
			};
			name = Debug;
		};
		CF2140301C834E78001CE8B6 /* Release */ = {
			isa = XCBuildConfiguration;
			buildSettings = {
				ASSETCATALOG_COMPILER_APPICON_NAME = AppIcon;
				INFOPLIST_FILE = "Codepath-Week4-Assignment/Info.plist";
				LD_RUNPATH_SEARCH_PATHS = "$(inherited) @executable_path/Frameworks";
				PRODUCT_BUNDLE_IDENTIFIER = "jeremielim.Codepath-Week4-Assignment";
				PRODUCT_NAME = "$(TARGET_NAME)";
			};
			name = Release;
		};
		CF2140321C834E78001CE8B6 /* Debug */ = {
			isa = XCBuildConfiguration;
			buildSettings = {
				BUNDLE_LOADER = "$(TEST_HOST)";
				INFOPLIST_FILE = "Codepath-Week4-AssignmentTests/Info.plist";
				LD_RUNPATH_SEARCH_PATHS = "$(inherited) @executable_path/Frameworks @loader_path/Frameworks";
				PRODUCT_BUNDLE_IDENTIFIER = "jeremielim.Codepath-Week4-AssignmentTests";
				PRODUCT_NAME = "$(TARGET_NAME)";
				TEST_HOST = "$(BUILT_PRODUCTS_DIR)/Codepath-Week4-Assignment.app/Codepath-Week4-Assignment";
			};
			name = Debug;
		};
		CF2140331C834E78001CE8B6 /* Release */ = {
			isa = XCBuildConfiguration;
			buildSettings = {
				BUNDLE_LOADER = "$(TEST_HOST)";
				INFOPLIST_FILE = "Codepath-Week4-AssignmentTests/Info.plist";
				LD_RUNPATH_SEARCH_PATHS = "$(inherited) @executable_path/Frameworks @loader_path/Frameworks";
				PRODUCT_BUNDLE_IDENTIFIER = "jeremielim.Codepath-Week4-AssignmentTests";
				PRODUCT_NAME = "$(TARGET_NAME)";
				TEST_HOST = "$(BUILT_PRODUCTS_DIR)/Codepath-Week4-Assignment.app/Codepath-Week4-Assignment";
			};
			name = Release;
		};
		CF2140351C834E78001CE8B6 /* Debug */ = {
			isa = XCBuildConfiguration;
			buildSettings = {
				INFOPLIST_FILE = "Codepath-Week4-AssignmentUITests/Info.plist";
				LD_RUNPATH_SEARCH_PATHS = "$(inherited) @executable_path/Frameworks @loader_path/Frameworks";
				PRODUCT_BUNDLE_IDENTIFIER = "jeremielim.Codepath-Week4-AssignmentUITests";
				PRODUCT_NAME = "$(TARGET_NAME)";
				TEST_TARGET_NAME = "Codepath-Week4-Assignment";
				USES_XCTRUNNER = YES;
			};
			name = Debug;
		};
		CF2140361C834E78001CE8B6 /* Release */ = {
			isa = XCBuildConfiguration;
			buildSettings = {
				INFOPLIST_FILE = "Codepath-Week4-AssignmentUITests/Info.plist";
				LD_RUNPATH_SEARCH_PATHS = "$(inherited) @executable_path/Frameworks @loader_path/Frameworks";
				PRODUCT_BUNDLE_IDENTIFIER = "jeremielim.Codepath-Week4-AssignmentUITests";
				PRODUCT_NAME = "$(TARGET_NAME)";
				TEST_TARGET_NAME = "Codepath-Week4-Assignment";
				USES_XCTRUNNER = YES;
			};
			name = Release;
		};
/* End XCBuildConfiguration section */

/* Begin XCConfigurationList section */
		CF2140011C834E77001CE8B6 /* Build configuration list for PBXProject "Codepath-Week4-Assignment" */ = {
			isa = XCConfigurationList;
			buildConfigurations = (
				CF21402C1C834E78001CE8B6 /* Debug */,
				CF21402D1C834E78001CE8B6 /* Release */,
			);
			defaultConfigurationIsVisible = 0;
			defaultConfigurationName = Release;
		};
		CF21402E1C834E78001CE8B6 /* Build configuration list for PBXNativeTarget "Codepath-Week4-Assignment" */ = {
			isa = XCConfigurationList;
			buildConfigurations = (
				CF21402F1C834E78001CE8B6 /* Debug */,
				CF2140301C834E78001CE8B6 /* Release */,
			);
			defaultConfigurationIsVisible = 0;
			defaultConfigurationName = Release;
		};
		CF2140311C834E78001CE8B6 /* Build configuration list for PBXNativeTarget "Codepath-Week4-AssignmentTests" */ = {
			isa = XCConfigurationList;
			buildConfigurations = (
				CF2140321C834E78001CE8B6 /* Debug */,
				CF2140331C834E78001CE8B6 /* Release */,
			);
			defaultConfigurationIsVisible = 0;
			defaultConfigurationName = Release;
		};
		CF2140341C834E78001CE8B6 /* Build configuration list for PBXNativeTarget "Codepath-Week4-AssignmentUITests" */ = {
			isa = XCConfigurationList;
			buildConfigurations = (
				CF2140351C834E78001CE8B6 /* Debug */,
				CF2140361C834E78001CE8B6 /* Release */,
			);
			defaultConfigurationIsVisible = 0;
			defaultConfigurationName = Release;
		};
/* End XCConfigurationList section */
	};
	rootObject = CF213FFE1C834E77001CE8B6 /* Project object */;
}
